
Microsoft Visual Studio Solution File, Format Version 12.00
# Visual Studio 15
VisualStudioVersion = 15.0.26124.0
MinimumVisualStudioVersion = 15.0.26124.0
Project("{FAE04EC0-301F-11D3-BF4B-00C04F79EFBC}") = "console", "console\console.csproj", "{6B10679E-B509-4B67-A759-C246866A5681}"
EndProject
Project("{FAE04EC0-301F-11D3-BF4B-00C04F79EFBC}") = "tools", "tools\tools.csproj", "{7FA7B507-E8E6-4EAB-9508-DAFE63B059F3}"
EndProject
Project("{FAE04EC0-301F-11D3-BF4B-00C04F79EFBC}") = "nunit2", "nunit2\nunit2.csproj", "{614C09A6-32E0-44B3-A4C9-5C6A632D67B6}"
EndProject
Global
	GlobalSection(SolutionConfigurationPlatforms) = preSolution
		Debug|Any CPU = Debug|Any CPU
		Debug|x64 = Debug|x64
		Debug|x86 = Debug|x86
		Release|Any CPU = Release|Any CPU
		Release|x64 = Release|x64
		Release|x86 = Release|x86
	EndGlobalSection
	GlobalSection(SolutionProperties) = preSolution
		HideSolutionNode = FALSE
	EndGlobalSection
	GlobalSection(ProjectConfigurationPlatforms) = postSolution
		{6B10679E-B509-4B67-A759-C246866A5681}.Debug|Any CPU.ActiveCfg = Debug|Any CPU
		{6B10679E-B509-4B67-A759-C246866A5681}.Debug|Any CPU.Build.0 = Debug|Any CPU
		{6B10679E-B509-4B67-A759-C246866A5681}.Debug|x64.ActiveCfg = Debug|Any CPU
		{6B10679E-B509-4B67-A759-C246866A5681}.Debug|x64.Build.0 = Debug|Any CPU
		{6B10679E-B509-4B67-A759-C246866A5681}.Debug|x86.ActiveCfg = Debug|Any CPU
		{6B10679E-B509-4B67-A759-C246866A5681}.Debug|x86.Build.0 = Debug|Any CPU
		{6B10679E-B509-4B67-A759-C246866A5681}.Release|Any CPU.ActiveCfg = Release|Any CPU
		{6B10679E-B509-4B67-A759-C246866A5681}.Release|Any CPU.Build.0 = Release|Any CPU
		{6B10679E-B509-4B67-A759-C246866A5681}.Release|x64.ActiveCfg = Release|Any CPU
		{6B10679E-B509-4B67-A759-C246866A5681}.Release|x64.Build.0 = Release|Any CPU
		{6B10679E-B509-4B67-A759-C246866A5681}.Release|x86.ActiveCfg = Release|Any CPU
		{6B10679E-B509-4B67-A759-C246866A5681}.Release|x86.Build.0 = Release|Any CPU
		{7FA7B507-E8E6-4EAB-9508-DAFE63B059F3}.Debug|Any CPU.ActiveCfg = Debug|Any CPU
		{7FA7B507-E8E6-4EAB-9508-DAFE63B059F3}.Debug|Any CPU.Build.0 = Debug|Any CPU
		{7FA7B507-E8E6-4EAB-9508-DAFE63B059F3}.Debug|x64.ActiveCfg = Debug|Any CPU
		{7FA7B507-E8E6-4EAB-9508-DAFE63B059F3}.Debug|x64.Build.0 = Debug|Any CPU
		{7FA7B507-E8E6-4EAB-9508-DAFE63B059F3}.Debug|x86.ActiveCfg = Debug|Any CPU
		{7FA7B507-E8E6-4EAB-9508-DAFE63B059F3}.Debug|x86.Build.0 = Debug|Any CPU
		{7FA7B507-E8E6-4EAB-9508-DAFE63B059F3}.Release|Any CPU.ActiveCfg = Release|Any CPU
		{7FA7B507-E8E6-4EAB-9508-DAFE63B059F3}.Release|Any CPU.Build.0 = Release|Any CPU
		{7FA7B507-E8E6-4EAB-9508-DAFE63B059F3}.Release|x64.ActiveCfg = Release|Any CPU
		{7FA7B507-E8E6-4EAB-9508-DAFE63B059F3}.Release|x64.Build.0 = Release|Any CPU
		{7FA7B507-E8E6-4EAB-9508-DAFE63B059F3}.Release|x86.ActiveCfg = Release|Any CPU
		{7FA7B507-E8E6-4EAB-9508-DAFE63B059F3}.Release|x86.Build.0 = Release|Any CPU
		{614C09A6-32E0-44B3-A4C9-5C6A632D67B6}.Debug|Any CPU.ActiveCfg = Debug|Any CPU
		{614C09A6-32E0-44B3-A4C9-5C6A632D67B6}.Debug|Any CPU.Build.0 = Debug|Any CPU
		{614C09A6-32E0-44B3-A4C9-5C6A632D67B6}.Debug|x64.ActiveCfg = Debug|Any CPU
		{614C09A6-32E0-44B3-A4C9-5C6A632D67B6}.Debug|x64.Build.0 = Debug|Any CPU
		{614C09A6-32E0-44B3-A4C9-5C6A632D67B6}.Debug|x86.ActiveCfg = Debug|Any CPU
		{614C09A6-32E0-44B3-A4C9-5C6A632D67B6}.Debug|x86.Build.0 = Debug|Any CPU
		{614C09A6-32E0-44B3-A4C9-5C6A632D67B6}.Release|Any CPU.ActiveCfg = Release|Any CPU
		{614C09A6-32E0-44B3-A4C9-5C6A632D67B6}.Release|Any CPU.Build.0 = Release|Any CPU
		{614C09A6-32E0-44B3-A4C9-5C6A632D67B6}.Release|x64.ActiveCfg = Release|Any CPU
		{614C09A6-32E0-44B3-A4C9-5C6A632D67B6}.Release|x64.Build.0 = Release|Any CPU
		{614C09A6-32E0-44B3-A4C9-5C6A632D67B6}.Release|x86.ActiveCfg = Release|Any CPU
		{614C09A6-32E0-44B3-A4C9-5C6A632D67B6}.Release|x86.Build.0 = Release|Any CPU
	EndGlobalSection
EndGlobal
